
Microsoft Visual Studio Solution File, Format Version 12.00
# Visual Studio Version 17
VisualStudioVersion = 17.5.002.0
MinimumVisualStudioVersion = 10.0.40219.1
Project("{9A19103F-16F7-4668-BE54-9A1E7A4F7556}") = "questao 1", "questao 1\questao 1.csproj", "{1549230B-0040-4742-BF14-E7349CFA986E}"
EndProject
Project("{9A19103F-16F7-4668-BE54-9A1E7A4F7556}") = "questao 2", "questao 2\questao 2.csproj", "{5FBB900B-7642-4692-889D-33DF1B21BC8D}"
EndProject
Project("{9A19103F-16F7-4668-BE54-9A1E7A4F7556}") = "questao 3", "questao 3\questao 3.csproj", "{613CD923-0788-4DFE-8565-0741DCC1C6BF}"
EndProject
Project("{9A19103F-16F7-4668-BE54-9A1E7A4F7556}") = "questao 4", "questao 4\questao 4.csproj", "{B670BCF5-1099-4AD6-B59A-8FF9CEDE6A49}"
EndProject
Project("{9A19103F-16F7-4668-BE54-9A1E7A4F7556}") = "questao 5", "questao 5\questao 5.csproj", "{65E384C4-B5C6-4045-9F24-6C3FDE930134}"
EndProject
Project("{9A19103F-16F7-4668-BE54-9A1E7A4F7556}") = "questao 6", "questao 6\questao 6.csproj", "{D2376E4F-40D2-4E95-8B6B-DAA717356529}"
EndProject
Project("{9A19103F-16F7-4668-BE54-9A1E7A4F7556}") = "questao 7", "questao 7\questao 7.csproj", "{AE49DCBE-836E-41E1-90FF-BC3E01CDCC18}"
EndProject
Global
	GlobalSection(SolutionConfigurationPlatforms) = preSolution
		Debug|Any CPU = Debug|Any CPU
		Release|Any CPU = Release|Any CPU
	EndGlobalSection
	GlobalSection(ProjectConfigurationPlatforms) = postSolution
		{1549230B-0040-4742-BF14-E7349CFA986E}.Debug|Any CPU.ActiveCfg = Debug|Any CPU
		{1549230B-0040-4742-BF14-E7349CFA986E}.Debug|Any CPU.Build.0 = Debug|Any CPU
		{1549230B-0040-4742-BF14-E7349CFA986E}.Release|Any CPU.ActiveCfg = Release|Any CPU
		{1549230B-0040-4742-BF14-E7349CFA986E}.Release|Any CPU.Build.0 = Release|Any CPU
		{5FBB900B-7642-4692-889D-33DF1B21BC8D}.Debug|Any CPU.ActiveCfg = Debug|Any CPU
		{5FBB900B-7642-4692-889D-33DF1B21BC8D}.Debug|Any CPU.Build.0 = Debug|Any CPU
		{5FBB900B-7642-4692-889D-33DF1B21BC8D}.Release|Any CPU.ActiveCfg = Release|Any CPU
		{5FBB900B-7642-4692-889D-33DF1B21BC8D}.Release|Any CPU.Build.0 = Release|Any CPU
		{613CD923-0788-4DFE-8565-0741DCC1C6BF}.Debug|Any CPU.ActiveCfg = Debug|Any CPU
		{613CD923-0788-4DFE-8565-0741DCC1C6BF}.Debug|Any CPU.Build.0 = Debug|Any CPU
		{613CD923-0788-4DFE-8565-0741DCC1C6BF}.Release|Any CPU.ActiveCfg = Release|Any CPU
		{613CD923-0788-4DFE-8565-0741DCC1C6BF}.Release|Any CPU.Build.0 = Release|Any CPU
		{B670BCF5-1099-4AD6-B59A-8FF9CEDE6A49}.Debug|Any CPU.ActiveCfg = Debug|Any CPU
		{B670BCF5-1099-4AD6-B59A-8FF9CEDE6A49}.Debug|Any CPU.Build.0 = Debug|Any CPU
		{B670BCF5-1099-4AD6-B59A-8FF9CEDE6A49}.Release|Any CPU.ActiveCfg = Release|Any CPU
		{B670BCF5-1099-4AD6-B59A-8FF9CEDE6A49}.Release|Any CPU.Build.0 = Release|Any CPU
		{65E384C4-B5C6-4045-9F24-6C3FDE930134}.Debug|Any CPU.ActiveCfg = Debug|Any CPU
		{65E384C4-B5C6-4045-9F24-6C3FDE930134}.Debug|Any CPU.Build.0 = Debug|Any CPU
		{65E384C4-B5C6-4045-9F24-6C3FDE930134}.Release|Any CPU.ActiveCfg = Release|Any CPU
		{65E384C4-B5C6-4045-9F24-6C3FDE930134}.Release|Any CPU.Build.0 = Release|Any CPU
		{D2376E4F-40D2-4E95-8B6B-DAA717356529}.Debug|Any CPU.ActiveCfg = Debug|Any CPU
		{D2376E4F-40D2-4E95-8B6B-DAA717356529}.Debug|Any CPU.Build.0 = Debug|Any CPU
		{D2376E4F-40D2-4E95-8B6B-DAA717356529}.Release|Any CPU.ActiveCfg = Release|Any CPU
		{D2376E4F-40D2-4E95-8B6B-DAA717356529}.Release|Any CPU.Build.0 = Release|Any CPU
		{AE49DCBE-836E-41E1-90FF-BC3E01CDCC18}.Debug|Any CPU.ActiveCfg = Debug|Any CPU
		{AE49DCBE-836E-41E1-90FF-BC3E01CDCC18}.Debug|Any CPU.Build.0 = Debug|Any CPU
		{AE49DCBE-836E-41E1-90FF-BC3E01CDCC18}.Release|Any CPU.ActiveCfg = Release|Any CPU
		{AE49DCBE-836E-41E1-90FF-BC3E01CDCC18}.Release|Any CPU.Build.0 = Release|Any CPU
	EndGlobalSection
	GlobalSection(SolutionProperties) = preSolution
		HideSolutionNode = FALSE
	EndGlobalSection
	GlobalSection(ExtensibilityGlobals) = postSolution
		SolutionGuid = {1F290443-4E94-4446-8EC3-D69ECDFA5993}
	EndGlobalSection
EndGlobal
