
Microsoft Visual Studio Solution File, Format Version 12.00
# Visual Studio Version 17
VisualStudioVersion = 17.5.002.0
MinimumVisualStudioVersion = 10.0.40219.1
Project("{9A19103F-16F7-4668-BE54-9A1E7A4F7556}") = "questao 1", "questao 1\questao 1.csproj", "{5D34F2D1-2120-42C1-9D8E-1BB22807C224}"
EndProject
Project("{9A19103F-16F7-4668-BE54-9A1E7A4F7556}") = "questao 2", "questao 2\questao 2.csproj", "{D77F2F55-5468-4824-8C12-AABE28862274}"
EndProject
Project("{9A19103F-16F7-4668-BE54-9A1E7A4F7556}") = "questao 3", "questao 3\questao 3.csproj", "{A172A269-559C-49FB-9FCF-1028793F0DEA}"
EndProject
Project("{9A19103F-16F7-4668-BE54-9A1E7A4F7556}") = "questao 4", "questao 4\questao 4.csproj", "{8B9B9414-E269-4FFB-8777-7228E7B73232}"
EndProject
Project("{9A19103F-16F7-4668-BE54-9A1E7A4F7556}") = "questao 5", "questao 5\questao 5.csproj", "{AAF02685-D0E9-474B-A488-577163BFFA14}"
EndProject
Global
	GlobalSection(SolutionConfigurationPlatforms) = preSolution
		Debug|Any CPU = Debug|Any CPU
		Release|Any CPU = Release|Any CPU
	EndGlobalSection
	GlobalSection(ProjectConfigurationPlatforms) = postSolution
		{5D34F2D1-2120-42C1-9D8E-1BB22807C224}.Debug|Any CPU.ActiveCfg = Debug|Any CPU
		{5D34F2D1-2120-42C1-9D8E-1BB22807C224}.Debug|Any CPU.Build.0 = Debug|Any CPU
		{5D34F2D1-2120-42C1-9D8E-1BB22807C224}.Release|Any CPU.ActiveCfg = Release|Any CPU
		{5D34F2D1-2120-42C1-9D8E-1BB22807C224}.Release|Any CPU.Build.0 = Release|Any CPU
		{D77F2F55-5468-4824-8C12-AABE28862274}.Debug|Any CPU.ActiveCfg = Debug|Any CPU
		{D77F2F55-5468-4824-8C12-AABE28862274}.Debug|Any CPU.Build.0 = Debug|Any CPU
		{D77F2F55-5468-4824-8C12-AABE28862274}.Release|Any CPU.ActiveCfg = Release|Any CPU
		{D77F2F55-5468-4824-8C12-AABE28862274}.Release|Any CPU.Build.0 = Release|Any CPU
		{A172A269-559C-49FB-9FCF-1028793F0DEA}.Debug|Any CPU.ActiveCfg = Debug|Any CPU
		{A172A269-559C-49FB-9FCF-1028793F0DEA}.Debug|Any CPU.Build.0 = Debug|Any CPU
		{A172A269-559C-49FB-9FCF-1028793F0DEA}.Release|Any CPU.ActiveCfg = Release|Any CPU
		{A172A269-559C-49FB-9FCF-1028793F0DEA}.Release|Any CPU.Build.0 = Release|Any CPU
		{8B9B9414-E269-4FFB-8777-7228E7B73232}.Debug|Any CPU.ActiveCfg = Debug|Any CPU
		{8B9B9414-E269-4FFB-8777-7228E7B73232}.Debug|Any CPU.Build.0 = Debug|Any CPU
		{8B9B9414-E269-4FFB-8777-7228E7B73232}.Release|Any CPU.ActiveCfg = Release|Any CPU
		{8B9B9414-E269-4FFB-8777-7228E7B73232}.Release|Any CPU.Build.0 = Release|Any CPU
		{AAF02685-D0E9-474B-A488-577163BFFA14}.Debug|Any CPU.ActiveCfg = Debug|Any CPU
		{AAF02685-D0E9-474B-A488-577163BFFA14}.Debug|Any CPU.Build.0 = Debug|Any CPU
		{AAF02685-D0E9-474B-A488-577163BFFA14}.Release|Any CPU.ActiveCfg = Release|Any CPU
		{AAF02685-D0E9-474B-A488-577163BFFA14}.Release|Any CPU.Build.0 = Release|Any CPU
	EndGlobalSection
	GlobalSection(SolutionProperties) = preSolution
		HideSolutionNode = FALSE
	EndGlobalSection
	GlobalSection(ExtensibilityGlobals) = postSolution
		SolutionGuid = {5BF4D487-B312-4193-BBD9-63D2D9236DD9}
	EndGlobalSection
EndGlobal
