
Microsoft Visual Studio Solution File, Format Version 12.00
# Visual Studio Version 17
VisualStudioVersion = 17.5.002.0
MinimumVisualStudioVersion = 10.0.40219.1
Project("{9A19103F-16F7-4668-BE54-9A1E7A4F7556}") = "questao1", "questao1\questao1.csproj", "{BDC128FF-F324-4F30-AB61-CE80FBF734AE}"
EndProject
Project("{9A19103F-16F7-4668-BE54-9A1E7A4F7556}") = "questao2", "questao2\questao2.csproj", "{519C6114-F307-4B7C-B4D4-ACF819222AC4}"
EndProject
Project("{9A19103F-16F7-4668-BE54-9A1E7A4F7556}") = "questao3", "questao3\questao3.csproj", "{579F72DF-ACA4-48FE-AD4A-7F81B5331627}"
EndProject
Project("{9A19103F-16F7-4668-BE54-9A1E7A4F7556}") = "questao4", "questao4\questao4.csproj", "{A1561015-5971-4EDB-B72B-568C2ED92237}"
EndProject
Project("{9A19103F-16F7-4668-BE54-9A1E7A4F7556}") = "questao5", "questao5\questao5.csproj", "{9905FCA0-8505-4121-BA83-119501CB4C38}"
EndProject
Project("{9A19103F-16F7-4668-BE54-9A1E7A4F7556}") = "questao6", "questao6\questao6.csproj", "{61CF832A-AE63-474A-BE08-5322998A8322}"
EndProject
Project("{9A19103F-16F7-4668-BE54-9A1E7A4F7556}") = "questao7", "questao7\questao7.csproj", "{D50F70BD-0B62-4465-A62F-47676618CAC1}"
EndProject
Global
	GlobalSection(SolutionConfigurationPlatforms) = preSolution
		Debug|Any CPU = Debug|Any CPU
		Release|Any CPU = Release|Any CPU
	EndGlobalSection
	GlobalSection(ProjectConfigurationPlatforms) = postSolution
		{BDC128FF-F324-4F30-AB61-CE80FBF734AE}.Debug|Any CPU.ActiveCfg = Debug|Any CPU
		{BDC128FF-F324-4F30-AB61-CE80FBF734AE}.Debug|Any CPU.Build.0 = Debug|Any CPU
		{BDC128FF-F324-4F30-AB61-CE80FBF734AE}.Release|Any CPU.ActiveCfg = Release|Any CPU
		{BDC128FF-F324-4F30-AB61-CE80FBF734AE}.Release|Any CPU.Build.0 = Release|Any CPU
		{519C6114-F307-4B7C-B4D4-ACF819222AC4}.Debug|Any CPU.ActiveCfg = Debug|Any CPU
		{519C6114-F307-4B7C-B4D4-ACF819222AC4}.Debug|Any CPU.Build.0 = Debug|Any CPU
		{519C6114-F307-4B7C-B4D4-ACF819222AC4}.Release|Any CPU.ActiveCfg = Release|Any CPU
		{519C6114-F307-4B7C-B4D4-ACF819222AC4}.Release|Any CPU.Build.0 = Release|Any CPU
		{579F72DF-ACA4-48FE-AD4A-7F81B5331627}.Debug|Any CPU.ActiveCfg = Debug|Any CPU
		{579F72DF-ACA4-48FE-AD4A-7F81B5331627}.Debug|Any CPU.Build.0 = Debug|Any CPU
		{579F72DF-ACA4-48FE-AD4A-7F81B5331627}.Release|Any CPU.ActiveCfg = Release|Any CPU
		{579F72DF-ACA4-48FE-AD4A-7F81B5331627}.Release|Any CPU.Build.0 = Release|Any CPU
		{A1561015-5971-4EDB-B72B-568C2ED92237}.Debug|Any CPU.ActiveCfg = Debug|Any CPU
		{A1561015-5971-4EDB-B72B-568C2ED92237}.Debug|Any CPU.Build.0 = Debug|Any CPU
		{A1561015-5971-4EDB-B72B-568C2ED92237}.Release|Any CPU.ActiveCfg = Release|Any CPU
		{A1561015-5971-4EDB-B72B-568C2ED92237}.Release|Any CPU.Build.0 = Release|Any CPU
		{9905FCA0-8505-4121-BA83-119501CB4C38}.Debug|Any CPU.ActiveCfg = Debug|Any CPU
		{9905FCA0-8505-4121-BA83-119501CB4C38}.Debug|Any CPU.Build.0 = Debug|Any CPU
		{9905FCA0-8505-4121-BA83-119501CB4C38}.Release|Any CPU.ActiveCfg = Release|Any CPU
		{9905FCA0-8505-4121-BA83-119501CB4C38}.Release|Any CPU.Build.0 = Release|Any CPU
		{61CF832A-AE63-474A-BE08-5322998A8322}.Debug|Any CPU.ActiveCfg = Debug|Any CPU
		{61CF832A-AE63-474A-BE08-5322998A8322}.Debug|Any CPU.Build.0 = Debug|Any CPU
		{61CF832A-AE63-474A-BE08-5322998A8322}.Release|Any CPU.ActiveCfg = Release|Any CPU
		{61CF832A-AE63-474A-BE08-5322998A8322}.Release|Any CPU.Build.0 = Release|Any CPU
		{D50F70BD-0B62-4465-A62F-47676618CAC1}.Debug|Any CPU.ActiveCfg = Debug|Any CPU
		{D50F70BD-0B62-4465-A62F-47676618CAC1}.Debug|Any CPU.Build.0 = Debug|Any CPU
		{D50F70BD-0B62-4465-A62F-47676618CAC1}.Release|Any CPU.ActiveCfg = Release|Any CPU
		{D50F70BD-0B62-4465-A62F-47676618CAC1}.Release|Any CPU.Build.0 = Release|Any CPU
	EndGlobalSection
	GlobalSection(SolutionProperties) = preSolution
		HideSolutionNode = FALSE
	EndGlobalSection
	GlobalSection(ExtensibilityGlobals) = postSolution
		SolutionGuid = {70450579-0877-4E90-9C0E-C6FD1C48386A}
	EndGlobalSection
EndGlobal
