
Microsoft Visual Studio Solution File, Format Version 12.00
# Visual Studio Version 17
VisualStudioVersion = 17.5.002.0
MinimumVisualStudioVersion = 10.0.40219.1
Project("{9A19103F-16F7-4668-BE54-9A1E7A4F7556}") = "questao 1", "questao 1\questao 1.csproj", "{A8D82117-D2D3-4749-B0F3-3795C921EA2B}"
EndProject
Project("{9A19103F-16F7-4668-BE54-9A1E7A4F7556}") = "questao 2", "questao 2\questao 2.csproj", "{B2F35D07-00A8-440D-B166-D1622E165999}"
EndProject
Project("{9A19103F-16F7-4668-BE54-9A1E7A4F7556}") = "questao 3", "questao 3\questao 3.csproj", "{4047EC88-4911-4667-A7DE-2A7EB80F65B0}"
EndProject
Project("{9A19103F-16F7-4668-BE54-9A1E7A4F7556}") = "questao 4", "questao 4\questao 4.csproj", "{02B8BA45-A024-46A7-B449-103E0FCA6D82}"
EndProject
Project("{9A19103F-16F7-4668-BE54-9A1E7A4F7556}") = "Aula prática - recursividade", "questao 5\Aula prática - recursividade.csproj", "{4A03627B-1E07-48E6-8E85-1BD6E85FA23A}"
EndProject
Project("{9A19103F-16F7-4668-BE54-9A1E7A4F7556}") = "questao 6", "questao 6\questao 6.csproj", "{44A1656C-5F83-4726-A34B-A6E30279D036}"
EndProject
Project("{9A19103F-16F7-4668-BE54-9A1E7A4F7556}") = "questao 7", "questao 7\questao 7.csproj", "{5EBDEC1B-9610-4435-8005-A87BF8414293}"
EndProject
Global
	GlobalSection(SolutionConfigurationPlatforms) = preSolution
		Debug|Any CPU = Debug|Any CPU
		Release|Any CPU = Release|Any CPU
	EndGlobalSection
	GlobalSection(ProjectConfigurationPlatforms) = postSolution
		{A8D82117-D2D3-4749-B0F3-3795C921EA2B}.Debug|Any CPU.ActiveCfg = Debug|Any CPU
		{A8D82117-D2D3-4749-B0F3-3795C921EA2B}.Debug|Any CPU.Build.0 = Debug|Any CPU
		{A8D82117-D2D3-4749-B0F3-3795C921EA2B}.Release|Any CPU.ActiveCfg = Release|Any CPU
		{A8D82117-D2D3-4749-B0F3-3795C921EA2B}.Release|Any CPU.Build.0 = Release|Any CPU
		{B2F35D07-00A8-440D-B166-D1622E165999}.Debug|Any CPU.ActiveCfg = Debug|Any CPU
		{B2F35D07-00A8-440D-B166-D1622E165999}.Debug|Any CPU.Build.0 = Debug|Any CPU
		{B2F35D07-00A8-440D-B166-D1622E165999}.Release|Any CPU.ActiveCfg = Release|Any CPU
		{B2F35D07-00A8-440D-B166-D1622E165999}.Release|Any CPU.Build.0 = Release|Any CPU
		{4047EC88-4911-4667-A7DE-2A7EB80F65B0}.Debug|Any CPU.ActiveCfg = Debug|Any CPU
		{4047EC88-4911-4667-A7DE-2A7EB80F65B0}.Debug|Any CPU.Build.0 = Debug|Any CPU
		{4047EC88-4911-4667-A7DE-2A7EB80F65B0}.Release|Any CPU.ActiveCfg = Release|Any CPU
		{4047EC88-4911-4667-A7DE-2A7EB80F65B0}.Release|Any CPU.Build.0 = Release|Any CPU
		{02B8BA45-A024-46A7-B449-103E0FCA6D82}.Debug|Any CPU.ActiveCfg = Debug|Any CPU
		{02B8BA45-A024-46A7-B449-103E0FCA6D82}.Debug|Any CPU.Build.0 = Debug|Any CPU
		{02B8BA45-A024-46A7-B449-103E0FCA6D82}.Release|Any CPU.ActiveCfg = Release|Any CPU
		{02B8BA45-A024-46A7-B449-103E0FCA6D82}.Release|Any CPU.Build.0 = Release|Any CPU
		{4A03627B-1E07-48E6-8E85-1BD6E85FA23A}.Debug|Any CPU.ActiveCfg = Debug|Any CPU
		{4A03627B-1E07-48E6-8E85-1BD6E85FA23A}.Debug|Any CPU.Build.0 = Debug|Any CPU
		{4A03627B-1E07-48E6-8E85-1BD6E85FA23A}.Release|Any CPU.ActiveCfg = Release|Any CPU
		{4A03627B-1E07-48E6-8E85-1BD6E85FA23A}.Release|Any CPU.Build.0 = Release|Any CPU
		{44A1656C-5F83-4726-A34B-A6E30279D036}.Debug|Any CPU.ActiveCfg = Debug|Any CPU
		{44A1656C-5F83-4726-A34B-A6E30279D036}.Debug|Any CPU.Build.0 = Debug|Any CPU
		{44A1656C-5F83-4726-A34B-A6E30279D036}.Release|Any CPU.ActiveCfg = Release|Any CPU
		{44A1656C-5F83-4726-A34B-A6E30279D036}.Release|Any CPU.Build.0 = Release|Any CPU
		{5EBDEC1B-9610-4435-8005-A87BF8414293}.Debug|Any CPU.ActiveCfg = Debug|Any CPU
		{5EBDEC1B-9610-4435-8005-A87BF8414293}.Debug|Any CPU.Build.0 = Debug|Any CPU
		{5EBDEC1B-9610-4435-8005-A87BF8414293}.Release|Any CPU.ActiveCfg = Release|Any CPU
		{5EBDEC1B-9610-4435-8005-A87BF8414293}.Release|Any CPU.Build.0 = Release|Any CPU
	EndGlobalSection
	GlobalSection(SolutionProperties) = preSolution
		HideSolutionNode = FALSE
	EndGlobalSection
	GlobalSection(ExtensibilityGlobals) = postSolution
		SolutionGuid = {9A755EE8-888C-49DC-8BC2-74BC21040150}
	EndGlobalSection
EndGlobal
