
Microsoft Visual Studio Solution File, Format Version 12.00
# Visual Studio Version 17
VisualStudioVersion = 17.5.002.0
MinimumVisualStudioVersion = 10.0.40219.1
Project("{9A19103F-16F7-4668-BE54-9A1E7A4F7556}") = "LojaVendeTudo", "LojaVendeTudo.csproj", "{896C6122-3641-4A5E-A0B2-E129A7945D97}"
EndProject
Global
	GlobalSection(SolutionConfigurationPlatforms) = preSolution
		Debug|Any CPU = Debug|Any CPU
		Release|Any CPU = Release|Any CPU
	EndGlobalSection
	GlobalSection(ProjectConfigurationPlatforms) = postSolution
		{896C6122-3641-4A5E-A0B2-E129A7945D97}.Debug|Any CPU.ActiveCfg = Debug|Any CPU
		{896C6122-3641-4A5E-A0B2-E129A7945D97}.Debug|Any CPU.Build.0 = Debug|Any CPU
		{896C6122-3641-4A5E-A0B2-E129A7945D97}.Release|Any CPU.ActiveCfg = Release|Any CPU
		{896C6122-3641-4A5E-A0B2-E129A7945D97}.Release|Any CPU.Build.0 = Release|Any CPU
	EndGlobalSection
	GlobalSection(SolutionProperties) = preSolution
		HideSolutionNode = FALSE
	EndGlobalSection
	GlobalSection(ExtensibilityGlobals) = postSolution
		SolutionGuid = {985C25BF-B954-4581-91A3-C5AACC1D5B4E}
	EndGlobalSection
EndGlobal
